
Microsoft Visual Studio Solution File, Format Version 11.00
# Visual Studio 2010
Project("{FAE04EC0-301F-11D3-BF4B-00C04F79EFBC}") = "Assembly-CSharp", "Assembly-CSharp.csproj", "{C7E7E8F9-F243-BCA7-EB52-2D863CA51FD7}"
EndProject
Project("{FAE04EC0-301F-11D3-BF4B-00C04F79EFBC}") = "NavMeshComponents", "NavMeshComponents.csproj", "{9CDE60B4-FAFE-C917-0529-C4D23AF24229}"
EndProject
Project("{FAE04EC0-301F-11D3-BF4B-00C04F79EFBC}") = "NavMeshComponentsEditor", "NavMeshComponentsEditor.csproj", "{B2E834F5-F6BE-12A2-C492-1267622B358B}"
EndProject
Project("{FAE04EC0-301F-11D3-BF4B-00C04F79EFBC}") = "Assembly-CSharp-Editor", "Assembly-CSharp-Editor.csproj", "{EDE6CFAF-023A-8153-F2F4-CEF516416AC7}"
EndProject
Global
	GlobalSection(SolutionConfigurationPlatforms) = preSolution
		Debug|Any CPU = Debug|Any CPU
		Release|Any CPU = Release|Any CPU
	EndGlobalSection
	GlobalSection(ProjectConfigurationPlatforms) = postSolution
		{C7E7E8F9-F243-BCA7-EB52-2D863CA51FD7}.Debug|Any CPU.ActiveCfg = Debug|Any CPU
		{C7E7E8F9-F243-BCA7-EB52-2D863CA51FD7}.Debug|Any CPU.Build.0 = Debug|Any CPU
		{C7E7E8F9-F243-BCA7-EB52-2D863CA51FD7}.Release|Any CPU.ActiveCfg = Release|Any CPU
		{C7E7E8F9-F243-BCA7-EB52-2D863CA51FD7}.Release|Any CPU.Build.0 = Release|Any CPU
		{9CDE60B4-FAFE-C917-0529-C4D23AF24229}.Debug|Any CPU.ActiveCfg = Debug|Any CPU
		{9CDE60B4-FAFE-C917-0529-C4D23AF24229}.Debug|Any CPU.Build.0 = Debug|Any CPU
		{9CDE60B4-FAFE-C917-0529-C4D23AF24229}.Release|Any CPU.ActiveCfg = Release|Any CPU
		{9CDE60B4-FAFE-C917-0529-C4D23AF24229}.Release|Any CPU.Build.0 = Release|Any CPU
		{B2E834F5-F6BE-12A2-C492-1267622B358B}.Debug|Any CPU.ActiveCfg = Debug|Any CPU
		{B2E834F5-F6BE-12A2-C492-1267622B358B}.Debug|Any CPU.Build.0 = Debug|Any CPU
		{B2E834F5-F6BE-12A2-C492-1267622B358B}.Release|Any CPU.ActiveCfg = Release|Any CPU
		{B2E834F5-F6BE-12A2-C492-1267622B358B}.Release|Any CPU.Build.0 = Release|Any CPU
		{EDE6CFAF-023A-8153-F2F4-CEF516416AC7}.Debug|Any CPU.ActiveCfg = Debug|Any CPU
		{EDE6CFAF-023A-8153-F2F4-CEF516416AC7}.Debug|Any CPU.Build.0 = Debug|Any CPU
		{EDE6CFAF-023A-8153-F2F4-CEF516416AC7}.Release|Any CPU.ActiveCfg = Release|Any CPU
		{EDE6CFAF-023A-8153-F2F4-CEF516416AC7}.Release|Any CPU.Build.0 = Release|Any CPU
	EndGlobalSection
	GlobalSection(SolutionProperties) = preSolution
		HideSolutionNode = FALSE
	EndGlobalSection
EndGlobal
